
Microsoft Visual Studio Solution File, Format Version 12.00
# Visual Studio Version 16
VisualStudioVersion = 16.0.32002.261
MinimumVisualStudioVersion = 10.0.40219.1
Project("{8BC9CEB8-8B4A-11D0-8D11-00A0C91BC942}") = "HelloWorld", "HelloWorld\HelloWorld.vcxproj", "{44A7BB4E-4D99-4EA7-982A-C86B321B033E}"
EndProject
Project("{8BC9CEB8-8B4A-11D0-8D11-00A0C91BC942}") = "Degiskenler", "Degiskenler\Degiskenler.vcxproj", "{58B77183-AC86-49EE-B4B1-4AB87BC65F7C}"
EndProject
Project("{8BC9CEB8-8B4A-11D0-8D11-00A0C91BC942}") = "TemelVeriTurleri", "TemelVeriTurleri\TemelVeriTurleri.vcxproj", "{9904599C-0A9C-428C-96F3-AD1CAE9BCE7C}"
EndProject
Project("{8BC9CEB8-8B4A-11D0-8D11-00A0C91BC942}") = "Operatoler", "Operatoler\Operatoler.vcxproj", "{B077E728-7988-4453-9EE7-9CE330BC7925}"
EndProject
Project("{8BC9CEB8-8B4A-11D0-8D11-00A0C91BC942}") = "Degisken ve Ram", "Degisken ve Ram\Degisken ve Ram.vcxproj", "{2E9DD30D-CB41-4130-82D3-44AB5CD2CEE5}"
EndProject
Project("{8BC9CEB8-8B4A-11D0-8D11-00A0C91BC942}") = "Fonksiyonlar", "Fonksiyonlar\Fonksiyonlar.vcxproj", "{9AC8BE04-0722-49D5-A36F-3A5A2FD9E64D}"
EndProject
Project("{8BC9CEB8-8B4A-11D0-8D11-00A0C91BC942}") = "AkisKontrolleri", "AkisKontrolleri\AkisKontrolleri.vcxproj", "{62DA9649-5AFF-4F0E-A4F8-AFFF70F306D1}"
EndProject
Project("{8BC9CEB8-8B4A-11D0-8D11-00A0C91BC942}") = "Diziler", "Diziler\Diziler.vcxproj", "{3B42A931-8903-430B-A6C6-CF08FD464B2E}"
EndProject
Project("{8BC9CEB8-8B4A-11D0-8D11-00A0C91BC942}") = "Siniflar", "Siniflar\Siniflar.vcxproj", "{66F0E0E6-B43E-433A-9DC7-67E1A65C4690}"
EndProject
Project("{8BC9CEB8-8B4A-11D0-8D11-00A0C91BC942}") = "Oles", "Oles\Oles.vcxproj", "{D6B00F75-FB33-4585-83EC-340A6F2734F7}"
EndProject
Project("{8BC9CEB8-8B4A-11D0-8D11-00A0C91BC942}") = "istisna", "istisna\istisna.vcxproj", "{603FF80B-4593-4EE3-838C-A7CD46D00FE9}"
EndProject
Project("{8BC9CEB8-8B4A-11D0-8D11-00A0C91BC942}") = "Sablon", "Sablon\Sablon.vcxproj", "{1521C8D4-2724-44C5-89B6-8BAD8E15E378}"
EndProject
Project("{8BC9CEB8-8B4A-11D0-8D11-00A0C91BC942}") = "BellekYonetimi", "BellekYonetimi\BellekYonetimi.vcxproj", "{F71DB54F-C4AB-4FA6-914C-E5D56680565A}"
EndProject
Project("{8BC9CEB8-8B4A-11D0-8D11-00A0C91BC942}") = "Testo", "Testo\Testo.vcxproj", "{24051B7B-EEB6-4AA5-A09D-7B82C9E84627}"
EndProject
Project("{8BC9CEB8-8B4A-11D0-8D11-00A0C91BC942}") = "Onislemci", "Onislemci\Onislemci.vcxproj", "{61101930-C875-4609-8C04-89834541716E}"
EndProject
Project("{8BC9CEB8-8B4A-11D0-8D11-00A0C91BC942}") = "StandartLib", "StandartLib\StandartLib.vcxproj", "{BF75EE68-90DA-47A0-AE55-D0F556174C97}"
EndProject
Global
	GlobalSection(SolutionConfigurationPlatforms) = preSolution
		Debug|x64 = Debug|x64
		Debug|x86 = Debug|x86
		Release|x64 = Release|x64
		Release|x86 = Release|x86
	EndGlobalSection
	GlobalSection(ProjectConfigurationPlatforms) = postSolution
		{44A7BB4E-4D99-4EA7-982A-C86B321B033E}.Debug|x64.ActiveCfg = Debug|x64
		{44A7BB4E-4D99-4EA7-982A-C86B321B033E}.Debug|x64.Build.0 = Debug|x64
		{44A7BB4E-4D99-4EA7-982A-C86B321B033E}.Debug|x86.ActiveCfg = Debug|Win32
		{44A7BB4E-4D99-4EA7-982A-C86B321B033E}.Debug|x86.Build.0 = Debug|Win32
		{44A7BB4E-4D99-4EA7-982A-C86B321B033E}.Release|x64.ActiveCfg = Release|x64
		{44A7BB4E-4D99-4EA7-982A-C86B321B033E}.Release|x64.Build.0 = Release|x64
		{44A7BB4E-4D99-4EA7-982A-C86B321B033E}.Release|x86.ActiveCfg = Release|Win32
		{44A7BB4E-4D99-4EA7-982A-C86B321B033E}.Release|x86.Build.0 = Release|Win32
		{58B77183-AC86-49EE-B4B1-4AB87BC65F7C}.Debug|x64.ActiveCfg = Debug|x64
		{58B77183-AC86-49EE-B4B1-4AB87BC65F7C}.Debug|x64.Build.0 = Debug|x64
		{58B77183-AC86-49EE-B4B1-4AB87BC65F7C}.Debug|x86.ActiveCfg = Debug|Win32
		{58B77183-AC86-49EE-B4B1-4AB87BC65F7C}.Debug|x86.Build.0 = Debug|Win32
		{58B77183-AC86-49EE-B4B1-4AB87BC65F7C}.Release|x64.ActiveCfg = Release|x64
		{58B77183-AC86-49EE-B4B1-4AB87BC65F7C}.Release|x64.Build.0 = Release|x64
		{58B77183-AC86-49EE-B4B1-4AB87BC65F7C}.Release|x86.ActiveCfg = Release|Win32
		{58B77183-AC86-49EE-B4B1-4AB87BC65F7C}.Release|x86.Build.0 = Release|Win32
		{9904599C-0A9C-428C-96F3-AD1CAE9BCE7C}.Debug|x64.ActiveCfg = Debug|x64
		{9904599C-0A9C-428C-96F3-AD1CAE9BCE7C}.Debug|x64.Build.0 = Debug|x64
		{9904599C-0A9C-428C-96F3-AD1CAE9BCE7C}.Debug|x86.ActiveCfg = Debug|Win32
		{9904599C-0A9C-428C-96F3-AD1CAE9BCE7C}.Debug|x86.Build.0 = Debug|Win32
		{9904599C-0A9C-428C-96F3-AD1CAE9BCE7C}.Release|x64.ActiveCfg = Release|x64
		{9904599C-0A9C-428C-96F3-AD1CAE9BCE7C}.Release|x64.Build.0 = Release|x64
		{9904599C-0A9C-428C-96F3-AD1CAE9BCE7C}.Release|x86.ActiveCfg = Release|Win32
		{9904599C-0A9C-428C-96F3-AD1CAE9BCE7C}.Release|x86.Build.0 = Release|Win32
		{B077E728-7988-4453-9EE7-9CE330BC7925}.Debug|x64.ActiveCfg = Debug|x64
		{B077E728-7988-4453-9EE7-9CE330BC7925}.Debug|x64.Build.0 = Debug|x64
		{B077E728-7988-4453-9EE7-9CE330BC7925}.Debug|x86.ActiveCfg = Debug|Win32
		{B077E728-7988-4453-9EE7-9CE330BC7925}.Debug|x86.Build.0 = Debug|Win32
		{B077E728-7988-4453-9EE7-9CE330BC7925}.Release|x64.ActiveCfg = Release|x64
		{B077E728-7988-4453-9EE7-9CE330BC7925}.Release|x64.Build.0 = Release|x64
		{B077E728-7988-4453-9EE7-9CE330BC7925}.Release|x86.ActiveCfg = Release|Win32
		{B077E728-7988-4453-9EE7-9CE330BC7925}.Release|x86.Build.0 = Release|Win32
		{2E9DD30D-CB41-4130-82D3-44AB5CD2CEE5}.Debug|x64.ActiveCfg = Debug|x64
		{2E9DD30D-CB41-4130-82D3-44AB5CD2CEE5}.Debug|x64.Build.0 = Debug|x64
		{2E9DD30D-CB41-4130-82D3-44AB5CD2CEE5}.Debug|x86.ActiveCfg = Debug|Win32
		{2E9DD30D-CB41-4130-82D3-44AB5CD2CEE5}.Debug|x86.Build.0 = Debug|Win32
		{2E9DD30D-CB41-4130-82D3-44AB5CD2CEE5}.Release|x64.ActiveCfg = Release|x64
		{2E9DD30D-CB41-4130-82D3-44AB5CD2CEE5}.Release|x64.Build.0 = Release|x64
		{2E9DD30D-CB41-4130-82D3-44AB5CD2CEE5}.Release|x86.ActiveCfg = Release|Win32
		{2E9DD30D-CB41-4130-82D3-44AB5CD2CEE5}.Release|x86.Build.0 = Release|Win32
		{9AC8BE04-0722-49D5-A36F-3A5A2FD9E64D}.Debug|x64.ActiveCfg = Debug|x64
		{9AC8BE04-0722-49D5-A36F-3A5A2FD9E64D}.Debug|x64.Build.0 = Debug|x64
		{9AC8BE04-0722-49D5-A36F-3A5A2FD9E64D}.Debug|x86.ActiveCfg = Debug|Win32
		{9AC8BE04-0722-49D5-A36F-3A5A2FD9E64D}.Debug|x86.Build.0 = Debug|Win32
		{9AC8BE04-0722-49D5-A36F-3A5A2FD9E64D}.Release|x64.ActiveCfg = Release|x64
		{9AC8BE04-0722-49D5-A36F-3A5A2FD9E64D}.Release|x64.Build.0 = Release|x64
		{9AC8BE04-0722-49D5-A36F-3A5A2FD9E64D}.Release|x86.ActiveCfg = Release|Win32
		{9AC8BE04-0722-49D5-A36F-3A5A2FD9E64D}.Release|x86.Build.0 = Release|Win32
		{62DA9649-5AFF-4F0E-A4F8-AFFF70F306D1}.Debug|x64.ActiveCfg = Debug|x64
		{62DA9649-5AFF-4F0E-A4F8-AFFF70F306D1}.Debug|x64.Build.0 = Debug|x64
		{62DA9649-5AFF-4F0E-A4F8-AFFF70F306D1}.Debug|x86.ActiveCfg = Debug|Win32
		{62DA9649-5AFF-4F0E-A4F8-AFFF70F306D1}.Debug|x86.Build.0 = Debug|Win32
		{62DA9649-5AFF-4F0E-A4F8-AFFF70F306D1}.Release|x64.ActiveCfg = Release|x64
		{62DA9649-5AFF-4F0E-A4F8-AFFF70F306D1}.Release|x64.Build.0 = Release|x64
		{62DA9649-5AFF-4F0E-A4F8-AFFF70F306D1}.Release|x86.ActiveCfg = Release|Win32
		{62DA9649-5AFF-4F0E-A4F8-AFFF70F306D1}.Release|x86.Build.0 = Release|Win32
		{3B42A931-8903-430B-A6C6-CF08FD464B2E}.Debug|x64.ActiveCfg = Debug|x64
		{3B42A931-8903-430B-A6C6-CF08FD464B2E}.Debug|x64.Build.0 = Debug|x64
		{3B42A931-8903-430B-A6C6-CF08FD464B2E}.Debug|x86.ActiveCfg = Debug|Win32
		{3B42A931-8903-430B-A6C6-CF08FD464B2E}.Debug|x86.Build.0 = Debug|Win32
		{3B42A931-8903-430B-A6C6-CF08FD464B2E}.Release|x64.ActiveCfg = Release|x64
		{3B42A931-8903-430B-A6C6-CF08FD464B2E}.Release|x64.Build.0 = Release|x64
		{3B42A931-8903-430B-A6C6-CF08FD464B2E}.Release|x86.ActiveCfg = Release|Win32
		{3B42A931-8903-430B-A6C6-CF08FD464B2E}.Release|x86.Build.0 = Release|Win32
		{66F0E0E6-B43E-433A-9DC7-67E1A65C4690}.Debug|x64.ActiveCfg = Debug|x64
		{66F0E0E6-B43E-433A-9DC7-67E1A65C4690}.Debug|x64.Build.0 = Debug|x64
		{66F0E0E6-B43E-433A-9DC7-67E1A65C4690}.Debug|x86.ActiveCfg = Debug|Win32
		{66F0E0E6-B43E-433A-9DC7-67E1A65C4690}.Debug|x86.Build.0 = Debug|Win32
		{66F0E0E6-B43E-433A-9DC7-67E1A65C4690}.Release|x64.ActiveCfg = Release|x64
		{66F0E0E6-B43E-433A-9DC7-67E1A65C4690}.Release|x64.Build.0 = Release|x64
		{66F0E0E6-B43E-433A-9DC7-67E1A65C4690}.Release|x86.ActiveCfg = Release|Win32
		{66F0E0E6-B43E-433A-9DC7-67E1A65C4690}.Release|x86.Build.0 = Release|Win32
		{D6B00F75-FB33-4585-83EC-340A6F2734F7}.Debug|x64.ActiveCfg = Debug|x64
		{D6B00F75-FB33-4585-83EC-340A6F2734F7}.Debug|x64.Build.0 = Debug|x64
		{D6B00F75-FB33-4585-83EC-340A6F2734F7}.Debug|x86.ActiveCfg = Debug|Win32
		{D6B00F75-FB33-4585-83EC-340A6F2734F7}.Debug|x86.Build.0 = Debug|Win32
		{D6B00F75-FB33-4585-83EC-340A6F2734F7}.Release|x64.ActiveCfg = Release|x64
		{D6B00F75-FB33-4585-83EC-340A6F2734F7}.Release|x64.Build.0 = Release|x64
		{D6B00F75-FB33-4585-83EC-340A6F2734F7}.Release|x86.ActiveCfg = Release|Win32
		{D6B00F75-FB33-4585-83EC-340A6F2734F7}.Release|x86.Build.0 = Release|Win32
		{603FF80B-4593-4EE3-838C-A7CD46D00FE9}.Debug|x64.ActiveCfg = Debug|x64
		{603FF80B-4593-4EE3-838C-A7CD46D00FE9}.Debug|x64.Build.0 = Debug|x64
		{603FF80B-4593-4EE3-838C-A7CD46D00FE9}.Debug|x86.ActiveCfg = Debug|Win32
		{603FF80B-4593-4EE3-838C-A7CD46D00FE9}.Debug|x86.Build.0 = Debug|Win32
		{603FF80B-4593-4EE3-838C-A7CD46D00FE9}.Release|x64.ActiveCfg = Release|x64
		{603FF80B-4593-4EE3-838C-A7CD46D00FE9}.Release|x64.Build.0 = Release|x64
		{603FF80B-4593-4EE3-838C-A7CD46D00FE9}.Release|x86.ActiveCfg = Release|Win32
		{603FF80B-4593-4EE3-838C-A7CD46D00FE9}.Release|x86.Build.0 = Release|Win32
		{1521C8D4-2724-44C5-89B6-8BAD8E15E378}.Debug|x64.ActiveCfg = Debug|x64
		{1521C8D4-2724-44C5-89B6-8BAD8E15E378}.Debug|x64.Build.0 = Debug|x64
		{1521C8D4-2724-44C5-89B6-8BAD8E15E378}.Debug|x86.ActiveCfg = Debug|Win32
		{1521C8D4-2724-44C5-89B6-8BAD8E15E378}.Debug|x86.Build.0 = Debug|Win32
		{1521C8D4-2724-44C5-89B6-8BAD8E15E378}.Release|x64.ActiveCfg = Release|x64
		{1521C8D4-2724-44C5-89B6-8BAD8E15E378}.Release|x64.Build.0 = Release|x64
		{1521C8D4-2724-44C5-89B6-8BAD8E15E378}.Release|x86.ActiveCfg = Release|Win32
		{1521C8D4-2724-44C5-89B6-8BAD8E15E378}.Release|x86.Build.0 = Release|Win32
		{F71DB54F-C4AB-4FA6-914C-E5D56680565A}.Debug|x64.ActiveCfg = Debug|x64
		{F71DB54F-C4AB-4FA6-914C-E5D56680565A}.Debug|x64.Build.0 = Debug|x64
		{F71DB54F-C4AB-4FA6-914C-E5D56680565A}.Debug|x86.ActiveCfg = Debug|Win32
		{F71DB54F-C4AB-4FA6-914C-E5D56680565A}.Debug|x86.Build.0 = Debug|Win32
		{F71DB54F-C4AB-4FA6-914C-E5D56680565A}.Release|x64.ActiveCfg = Release|x64
		{F71DB54F-C4AB-4FA6-914C-E5D56680565A}.Release|x64.Build.0 = Release|x64
		{F71DB54F-C4AB-4FA6-914C-E5D56680565A}.Release|x86.ActiveCfg = Release|Win32
		{F71DB54F-C4AB-4FA6-914C-E5D56680565A}.Release|x86.Build.0 = Release|Win32
		{24051B7B-EEB6-4AA5-A09D-7B82C9E84627}.Debug|x64.ActiveCfg = Debug|x64
		{24051B7B-EEB6-4AA5-A09D-7B82C9E84627}.Debug|x64.Build.0 = Debug|x64
		{24051B7B-EEB6-4AA5-A09D-7B82C9E84627}.Debug|x86.ActiveCfg = Debug|Win32
		{24051B7B-EEB6-4AA5-A09D-7B82C9E84627}.Debug|x86.Build.0 = Debug|Win32
		{24051B7B-EEB6-4AA5-A09D-7B82C9E84627}.Release|x64.ActiveCfg = Release|x64
		{24051B7B-EEB6-4AA5-A09D-7B82C9E84627}.Release|x64.Build.0 = Release|x64
		{24051B7B-EEB6-4AA5-A09D-7B82C9E84627}.Release|x86.ActiveCfg = Release|Win32
		{24051B7B-EEB6-4AA5-A09D-7B82C9E84627}.Release|x86.Build.0 = Release|Win32
		{61101930-C875-4609-8C04-89834541716E}.Debug|x64.ActiveCfg = Debug|x64
		{61101930-C875-4609-8C04-89834541716E}.Debug|x64.Build.0 = Debug|x64
		{61101930-C875-4609-8C04-89834541716E}.Debug|x86.ActiveCfg = Debug|Win32
		{61101930-C875-4609-8C04-89834541716E}.Debug|x86.Build.0 = Debug|Win32
		{61101930-C875-4609-8C04-89834541716E}.Release|x64.ActiveCfg = Release|x64
		{61101930-C875-4609-8C04-89834541716E}.Release|x64.Build.0 = Release|x64
		{61101930-C875-4609-8C04-89834541716E}.Release|x86.ActiveCfg = Release|Win32
		{61101930-C875-4609-8C04-89834541716E}.Release|x86.Build.0 = Release|Win32
		{BF75EE68-90DA-47A0-AE55-D0F556174C97}.Debug|x64.ActiveCfg = Debug|x64
		{BF75EE68-90DA-47A0-AE55-D0F556174C97}.Debug|x64.Build.0 = Debug|x64
		{BF75EE68-90DA-47A0-AE55-D0F556174C97}.Debug|x86.ActiveCfg = Debug|Win32
		{BF75EE68-90DA-47A0-AE55-D0F556174C97}.Debug|x86.Build.0 = Debug|Win32
		{BF75EE68-90DA-47A0-AE55-D0F556174C97}.Release|x64.ActiveCfg = Release|x64
		{BF75EE68-90DA-47A0-AE55-D0F556174C97}.Release|x64.Build.0 = Release|x64
		{BF75EE68-90DA-47A0-AE55-D0F556174C97}.Release|x86.ActiveCfg = Release|Win32
		{BF75EE68-90DA-47A0-AE55-D0F556174C97}.Release|x86.Build.0 = Release|Win32
	EndGlobalSection
	GlobalSection(SolutionProperties) = preSolution
		HideSolutionNode = FALSE
	EndGlobalSection
	GlobalSection(ExtensibilityGlobals) = postSolution
		SolutionGuid = {15F5D156-A09D-49F7-9245-D4AE8D7A5D76}
	EndGlobalSection
EndGlobal
